
Microsoft Visual Studio Solution File, Format Version 12.00
# Visual Studio 14
VisualStudioVersion = 14.0.24720.0
MinimumVisualStudioVersion = 10.0.40219.1
Project("{FAE04EC0-301F-11D3-BF4B-00C04F79EFBC}") = "SDKLib", "SDKLib\SDKLib.csproj", "{7E1CFC23-4E2C-4DBC-956A-CA8B1DBA73A1}"
EndProject
Project("{FAE04EC0-301F-11D3-BF4B-00C04F79EFBC}") = "SampleApp", "SampleApp\SampleApp.csproj", "{EA091A9E-71C8-4752-8D54-B1A97BD0A389}"
	ProjectSection(ProjectDependencies) = postProject
		{7E1CFC23-4E2C-4DBC-956A-CA8B1DBA73A1} = {7E1CFC23-4E2C-4DBC-956A-CA8B1DBA73A1}
	EndProjectSection
EndProject
Global
	GlobalSection(SolutionConfigurationPlatforms) = preSolution
		Debug|Any CPU = Debug|Any CPU
		Release|Any CPU = Release|Any CPU
	EndGlobalSection
	GlobalSection(ProjectConfigurationPlatforms) = postSolution
		{7E1CFC23-4E2C-4DBC-956A-CA8B1DBA73A1}.Debug|Any CPU.ActiveCfg = Debug|Any CPU
		{7E1CFC23-4E2C-4DBC-956A-CA8B1DBA73A1}.Debug|Any CPU.Build.0 = Debug|Any CPU
		{7E1CFC23-4E2C-4DBC-956A-CA8B1DBA73A1}.Release|Any CPU.ActiveCfg = Release|Any CPU
		{7E1CFC23-4E2C-4DBC-956A-CA8B1DBA73A1}.Release|Any CPU.Build.0 = Release|Any CPU
		{EA091A9E-71C8-4752-8D54-B1A97BD0A389}.Debug|Any CPU.ActiveCfg = Debug|Any CPU
		{EA091A9E-71C8-4752-8D54-B1A97BD0A389}.Debug|Any CPU.Build.0 = Debug|Any CPU
		{EA091A9E-71C8-4752-8D54-B1A97BD0A389}.Release|Any CPU.ActiveCfg = Release|Any CPU
		{EA091A9E-71C8-4752-8D54-B1A97BD0A389}.Release|Any CPU.Build.0 = Release|Any CPU
	EndGlobalSection
	GlobalSection(SolutionProperties) = preSolution
		HideSolutionNode = FALSE
	EndGlobalSection
EndGlobal
